
Microsoft Visual Studio Solution File, Format Version 12.00
# Visual Studio Version 17
VisualStudioVersion = 17.4.33213.308
MinimumVisualStudioVersion = 10.0.40219.1
Project("{8BC9CEB8-8B4A-11D0-8D11-00A0C91BC942}") = "FN Messenger Server", "FN Messenger Server\FN Messenger Server.vcxproj", "{57D717AC-D709-4BDE-82D3-F6D7788E5EF7}"
EndProject
Global
	GlobalSection(SolutionConfigurationPlatforms) = preSolution
		Debug|x64 = Debug|x64
		Debug|x86 = Debug|x86
		Release|x64 = Release|x64
		Release|x86 = Release|x86
	EndGlobalSection
	GlobalSection(ProjectConfigurationPlatforms) = postSolution
		{57D717AC-D709-4BDE-82D3-F6D7788E5EF7}.Debug|x64.ActiveCfg = Debug|x64
		{57D717AC-D709-4BDE-82D3-F6D7788E5EF7}.Debug|x64.Build.0 = Debug|x64
		{57D717AC-D709-4BDE-82D3-F6D7788E5EF7}.Debug|x86.ActiveCfg = Debug|Win32
		{57D717AC-D709-4BDE-82D3-F6D7788E5EF7}.Debug|x86.Build.0 = Debug|Win32
		{57D717AC-D709-4BDE-82D3-F6D7788E5EF7}.Release|x64.ActiveCfg = Release|x64
		{57D717AC-D709-4BDE-82D3-F6D7788E5EF7}.Release|x64.Build.0 = Release|x64
		{57D717AC-D709-4BDE-82D3-F6D7788E5EF7}.Release|x86.ActiveCfg = Release|Win32
		{57D717AC-D709-4BDE-82D3-F6D7788E5EF7}.Release|x86.Build.0 = Release|Win32
	EndGlobalSection
	GlobalSection(SolutionProperties) = preSolution
		HideSolutionNode = FALSE
	EndGlobalSection
	GlobalSection(ExtensibilityGlobals) = postSolution
		SolutionGuid = {49764679-B1DF-42D4-83E6-3C3223B80AD1}
	EndGlobalSection
EndGlobal
